
Microsoft Visual Studio Solution File, Format Version 12.00
# Visual Studio Version 16
VisualStudioVersion = 16.0.31729.503
MinimumVisualStudioVersion = 10.0.40219.1
Project("{9A19103F-16F7-4668-BE54-9A1E7A4F7556}") = "DTOS", "DTOS\DTOS.csproj", "{ABE7CF51-DC0B-4CE6-847B-53425D6A4315}"
EndProject
Project("{FAE04EC0-301F-11D3-BF4B-00C04F79EFBC}") = "ejemploapiflcks", "ejemploapiflcks\ejemploapiflcks.csproj", "{90E32B2A-1C22-4A77-821F-7577B07B19FD}"
EndProject
Global
	GlobalSection(SolutionConfigurationPlatforms) = preSolution
		Debug|Any CPU = Debug|Any CPU
		Release|Any CPU = Release|Any CPU
	EndGlobalSection
	GlobalSection(ProjectConfigurationPlatforms) = postSolution
		{ABE7CF51-DC0B-4CE6-847B-53425D6A4315}.Debug|Any CPU.ActiveCfg = Debug|Any CPU
		{ABE7CF51-DC0B-4CE6-847B-53425D6A4315}.Debug|Any CPU.Build.0 = Debug|Any CPU
		{ABE7CF51-DC0B-4CE6-847B-53425D6A4315}.Release|Any CPU.ActiveCfg = Release|Any CPU
		{ABE7CF51-DC0B-4CE6-847B-53425D6A4315}.Release|Any CPU.Build.0 = Release|Any CPU
		{90E32B2A-1C22-4A77-821F-7577B07B19FD}.Debug|Any CPU.ActiveCfg = Debug|Any CPU
		{90E32B2A-1C22-4A77-821F-7577B07B19FD}.Debug|Any CPU.Build.0 = Debug|Any CPU
		{90E32B2A-1C22-4A77-821F-7577B07B19FD}.Release|Any CPU.ActiveCfg = Release|Any CPU
		{90E32B2A-1C22-4A77-821F-7577B07B19FD}.Release|Any CPU.Build.0 = Release|Any CPU
	EndGlobalSection
	GlobalSection(SolutionProperties) = preSolution
		HideSolutionNode = FALSE
	EndGlobalSection
	GlobalSection(ExtensibilityGlobals) = postSolution
		SolutionGuid = {C2D9587A-9413-4920-9F9D-CA5C573E2D64}
	EndGlobalSection
EndGlobal
